// !$*UTF8*$!
{
	archiveVersion = 1;
	classes = {
	};
	objectVersion = 46;
	objects = {

/* Begin PBXBuildFile section */
		1AEA82E16D464D73964C084B /* libPods.a in Frameworks */ = {isa = PBXBuildFile; fileRef = 4C46C0DA3D3C40FA832D832F /* libPods.a */; };
		8A12A5F8194243A200EF2D10 /* Foundation.framework in Frameworks */ = {isa = PBXBuildFile; fileRef = 8A12A5F7194243A200EF2D10 /* Foundation.framework */; };
		8A12A5FA194243A200EF2D10 /* CoreGraphics.framework in Frameworks */ = {isa = PBXBuildFile; fileRef = 8A12A5F9194243A200EF2D10 /* CoreGraphics.framework */; };
		8A12A5FC194243A200EF2D10 /* UIKit.framework in Frameworks */ = {isa = PBXBuildFile; fileRef = 8A12A5FB194243A200EF2D10 /* UIKit.framework */; };
		8A12A602194243A200EF2D10 /* InfoPlist.strings in Resources */ = {isa = PBXBuildFile; fileRef = 8A12A600194243A200EF2D10 /* InfoPlist.strings */; };
		8A12A604194243A200EF2D10 /* main.m in Sources */ = {isa = PBXBuildFile; fileRef = 8A12A603194243A200EF2D10 /* main.m */; };
		8A12A608194243A200EF2D10 /* HEPAppDelegate.m in Sources */ = {isa = PBXBuildFile; fileRef = 8A12A607194243A200EF2D10 /* HEPAppDelegate.m */; };
		8A12A60B194243A200EF2D10 /* Main.storyboard in Resources */ = {isa = PBXBuildFile; fileRef = 8A12A609194243A200EF2D10 /* Main.storyboard */; };
		8A12A60E194243A200EF2D10 /* HEPAuthenticationViewController.m in Sources */ = {isa = PBXBuildFile; fileRef = 8A12A60D194243A200EF2D10 /* HEPAuthenticationViewController.m */; };
		8A12A610194243A200EF2D10 /* Images.xcassets in Resources */ = {isa = PBXBuildFile; fileRef = 8A12A60F194243A200EF2D10 /* Images.xcassets */; };
		8A12A617194243A200EF2D10 /* XCTest.framework in Frameworks */ = {isa = PBXBuildFile; fileRef = 8A12A616194243A200EF2D10 /* XCTest.framework */; };
		8A12A618194243A200EF2D10 /* Foundation.framework in Frameworks */ = {isa = PBXBuildFile; fileRef = 8A12A5F7194243A200EF2D10 /* Foundation.framework */; };
		8A12A619194243A200EF2D10 /* UIKit.framework in Frameworks */ = {isa = PBXBuildFile; fileRef = 8A12A5FB194243A200EF2D10 /* UIKit.framework */; };
		8A12A621194243A200EF2D10 /* InfoPlist.strings in Resources */ = {isa = PBXBuildFile; fileRef = 8A12A61F194243A200EF2D10 /* InfoPlist.strings */; };
		8A12A623194243A200EF2D10 /* PeaTests.m in Sources */ = {isa = PBXBuildFile; fileRef = 8A12A622194243A200EF2D10 /* PeaTests.m */; };
		8A12A62F1942651D00EF2D10 /* HEPAuthorizationService.m in Sources */ = {isa = PBXBuildFile; fileRef = 8A12A62E1942651D00EF2D10 /* HEPAuthorizationService.m */; };
		8A12A633194271F500EF2D10 /* HEPAPIClient.m in Sources */ = {isa = PBXBuildFile; fileRef = 8A12A632194271F500EF2D10 /* HEPAPIClient.m */; };
		8A12A636194273BB00EF2D10 /* Localizable.strings in Resources */ = {isa = PBXBuildFile; fileRef = 8A12A638194273BB00EF2D10 /* Localizable.strings */; };
		8A4F0A66194BD901007BEE9A /* HEPActionTableViewCell.m in Sources */ = {isa = PBXBuildFile; fileRef = 8A4F0A64194BD901007BEE9A /* HEPActionTableViewCell.m */; };
		8A4F0A67194BD901007BEE9A /* HEPActionTableViewCell.xib in Resources */ = {isa = PBXBuildFile; fileRef = 8A4F0A65194BD901007BEE9A /* HEPActionTableViewCell.xib */; };
		8A4F0A6B194FD637007BEE9A /* HEPDateUtils.m in Sources */ = {isa = PBXBuildFile; fileRef = 8A4F0A6A194FD637007BEE9A /* HEPDateUtils.m */; };
		8AF35BED19428E97001C1507 /* HEPDevicePickerTableViewController.m in Sources */ = {isa = PBXBuildFile; fileRef = 8AF35BEC19428E97001C1507 /* HEPDevicePickerTableViewController.m */; };
		8AF35BF019465E6E001C1507 /* HEPPeripheralManager.m in Sources */ = {isa = PBXBuildFile; fileRef = 8AF35BEF19465E6E001C1507 /* HEPPeripheralManager.m */; };
		8AF35BF5194767F8001C1507 /* HEPDevice.m in Sources */ = {isa = PBXBuildFile; fileRef = 8AF35BF4194767F8001C1507 /* HEPDevice.m */; };
		8AF35BF819476EDB001C1507 /* HEPDeviceService.m in Sources */ = {isa = PBXBuildFile; fileRef = 8AF35BF719476EDB001C1507 /* HEPDeviceService.m */; };
		8AF35C011947BAD6001C1507 /* HEPConnectedDeviceTableViewController.m in Sources */ = {isa = PBXBuildFile; fileRef = 8AF35BFF1947BAD6001C1507 /* HEPConnectedDeviceTableViewController.m */; };
		8AF35C021947BAD6001C1507 /* HEPConnectedDeviceTableViewController.xib in Resources */ = {isa = PBXBuildFile; fileRef = 8AF35C001947BAD6001C1507 /* HEPConnectedDeviceTableViewController.xib */; };
		8AF35C071947BB49001C1507 /* HEPDeviceTableViewCell.m in Sources */ = {isa = PBXBuildFile; fileRef = 8AF35C051947BB49001C1507 /* HEPDeviceTableViewCell.m */; };
		8AF35C081947BB49001C1507 /* HEPDeviceTableViewCell.xib in Resources */ = {isa = PBXBuildFile; fileRef = 8AF35C061947BB49001C1507 /* HEPDeviceTableViewCell.xib */; };
		8AF35C101947DEA3001C1507 /* HEPSleepTrackerViewController.m in Sources */ = {isa = PBXBuildFile; fileRef = 8AF35C0E1947DEA3001C1507 /* HEPSleepTrackerViewController.m */; };
		8AF35C1819483055001C1507 /* HEPAuthenticationViewController.xib in Resources */ = {isa = PBXBuildFile; fileRef = 8AF35C1719483055001C1507 /* HEPAuthenticationViewController.xib */; };
		8AF35C1C1948D6A4001C1507 /* HEPDeviceInfoViewController.m in Sources */ = {isa = PBXBuildFile; fileRef = 8AF35C1A1948D6A4001C1507 /* HEPDeviceInfoViewController.m */; };
		8AF35C1D1948D6A4001C1507 /* HEPDeviceInfoViewController.xib in Resources */ = {isa = PBXBuildFile; fileRef = 8AF35C1B1948D6A4001C1507 /* HEPDeviceInfoViewController.xib */; };
/* End PBXBuildFile section */

/* Begin PBXContainerItemProxy section */
		8A12A61A194243A200EF2D10 /* PBXContainerItemProxy */ = {
			isa = PBXContainerItemProxy;
			containerPortal = 8A12A5EC194243A200EF2D10 /* Project object */;
			proxyType = 1;
			remoteGlobalIDString = 8A12A5F3194243A200EF2D10;
			remoteInfo = Pea;
		};
/* End PBXContainerItemProxy section */

/* Begin PBXFileReference section */
		4C46C0DA3D3C40FA832D832F /* libPods.a */ = {isa = PBXFileReference; explicitFileType = archive.ar; includeInIndex = 0; path = libPods.a; sourceTree = BUILT_PRODUCTS_DIR; };
		8A12A5F4194243A200EF2D10 /* Pea.app */ = {isa = PBXFileReference; explicitFileType = wrapper.application; includeInIndex = 0; path = Pea.app; sourceTree = BUILT_PRODUCTS_DIR; };
		8A12A5F7194243A200EF2D10 /* Foundation.framework */ = {isa = PBXFileReference; lastKnownFileType = wrapper.framework; name = Foundation.framework; path = System/Library/Frameworks/Foundation.framework; sourceTree = SDKROOT; };
		8A12A5F9194243A200EF2D10 /* CoreGraphics.framework */ = {isa = PBXFileReference; lastKnownFileType = wrapper.framework; name = CoreGraphics.framework; path = System/Library/Frameworks/CoreGraphics.framework; sourceTree = SDKROOT; };
		8A12A5FB194243A200EF2D10 /* UIKit.framework */ = {isa = PBXFileReference; lastKnownFileType = wrapper.framework; name = UIKit.framework; path = System/Library/Frameworks/UIKit.framework; sourceTree = SDKROOT; };
		8A12A5FF194243A200EF2D10 /* Pea-Info.plist */ = {isa = PBXFileReference; lastKnownFileType = text.plist.xml; path = "Pea-Info.plist"; sourceTree = "<group>"; };
		8A12A601194243A200EF2D10 /* en */ = {isa = PBXFileReference; lastKnownFileType = text.plist.strings; name = en; path = en.lproj/InfoPlist.strings; sourceTree = "<group>"; };
		8A12A603194243A200EF2D10 /* main.m */ = {isa = PBXFileReference; lastKnownFileType = sourcecode.c.objc; path = main.m; sourceTree = "<group>"; };
		8A12A605194243A200EF2D10 /* Pea-Prefix.pch */ = {isa = PBXFileReference; lastKnownFileType = sourcecode.c.h; path = "Pea-Prefix.pch"; sourceTree = "<group>"; };
		8A12A606194243A200EF2D10 /* HEPAppDelegate.h */ = {isa = PBXFileReference; lastKnownFileType = sourcecode.c.h; path = HEPAppDelegate.h; sourceTree = "<group>"; };
		8A12A607194243A200EF2D10 /* HEPAppDelegate.m */ = {isa = PBXFileReference; lastKnownFileType = sourcecode.c.objc; path = HEPAppDelegate.m; sourceTree = "<group>"; };
		8A12A60A194243A200EF2D10 /* Base */ = {isa = PBXFileReference; lastKnownFileType = file.storyboard; name = Base; path = Base.lproj/Main.storyboard; sourceTree = "<group>"; };
		8A12A60C194243A200EF2D10 /* HEPAuthenticationViewController.h */ = {isa = PBXFileReference; lastKnownFileType = sourcecode.c.h; path = HEPAuthenticationViewController.h; sourceTree = "<group>"; };
		8A12A60D194243A200EF2D10 /* HEPAuthenticationViewController.m */ = {isa = PBXFileReference; lastKnownFileType = sourcecode.c.objc; path = HEPAuthenticationViewController.m; sourceTree = "<group>"; };
		8A12A60F194243A200EF2D10 /* Images.xcassets */ = {isa = PBXFileReference; lastKnownFileType = folder.assetcatalog; path = Images.xcassets; sourceTree = "<group>"; };
		8A12A615194243A200EF2D10 /* PeaTests.xctest */ = {isa = PBXFileReference; explicitFileType = wrapper.cfbundle; includeInIndex = 0; path = PeaTests.xctest; sourceTree = BUILT_PRODUCTS_DIR; };
		8A12A616194243A200EF2D10 /* XCTest.framework */ = {isa = PBXFileReference; lastKnownFileType = wrapper.framework; name = XCTest.framework; path = Library/Frameworks/XCTest.framework; sourceTree = DEVELOPER_DIR; };
		8A12A61E194243A200EF2D10 /* PeaTests-Info.plist */ = {isa = PBXFileReference; lastKnownFileType = text.plist.xml; path = "PeaTests-Info.plist"; sourceTree = "<group>"; };
		8A12A620194243A200EF2D10 /* en */ = {isa = PBXFileReference; lastKnownFileType = text.plist.strings; name = en; path = en.lproj/InfoPlist.strings; sourceTree = "<group>"; };
		8A12A622194243A200EF2D10 /* PeaTests.m */ = {isa = PBXFileReference; lastKnownFileType = sourcecode.c.objc; path = PeaTests.m; sourceTree = "<group>"; };
		8A12A62D1942651D00EF2D10 /* HEPAuthorizationService.h */ = {isa = PBXFileReference; fileEncoding = 4; lastKnownFileType = sourcecode.c.h; path = HEPAuthorizationService.h; sourceTree = "<group>"; };
		8A12A62E1942651D00EF2D10 /* HEPAuthorizationService.m */ = {isa = PBXFileReference; fileEncoding = 4; lastKnownFileType = sourcecode.c.objc; path = HEPAuthorizationService.m; sourceTree = "<group>"; };
		8A12A630194268DB00EF2D10 /* Podfile */ = {isa = PBXFileReference; lastKnownFileType = text; path = Podfile; sourceTree = SOURCE_ROOT; xcLanguageSpecificationIdentifier = xcode.lang.ruby; };
		8A12A631194271F500EF2D10 /* HEPAPIClient.h */ = {isa = PBXFileReference; fileEncoding = 4; lastKnownFileType = sourcecode.c.h; path = HEPAPIClient.h; sourceTree = "<group>"; };
		8A12A632194271F500EF2D10 /* HEPAPIClient.m */ = {isa = PBXFileReference; fileEncoding = 4; lastKnownFileType = sourcecode.c.objc; path = HEPAPIClient.m; sourceTree = "<group>"; };
		8A12A637194273BB00EF2D10 /* Base */ = {isa = PBXFileReference; lastKnownFileType = text.plist.strings; name = Base; path = Base.lproj/Localizable.strings; sourceTree = "<group>"; };
		8A4F0A63194BD901007BEE9A /* HEPActionTableViewCell.h */ = {isa = PBXFileReference; fileEncoding = 4; lastKnownFileType = sourcecode.c.h; path = HEPActionTableViewCell.h; sourceTree = "<group>"; };
		8A4F0A64194BD901007BEE9A /* HEPActionTableViewCell.m */ = {isa = PBXFileReference; fileEncoding = 4; lastKnownFileType = sourcecode.c.objc; path = HEPActionTableViewCell.m; sourceTree = "<group>"; };
		8A4F0A65194BD901007BEE9A /* HEPActionTableViewCell.xib */ = {isa = PBXFileReference; fileEncoding = 4; lastKnownFileType = file.xib; path = HEPActionTableViewCell.xib; sourceTree = "<group>"; };
		8A4F0A69194FD637007BEE9A /* HEPDateUtils.h */ = {isa = PBXFileReference; fileEncoding = 4; lastKnownFileType = sourcecode.c.h; path = HEPDateUtils.h; sourceTree = "<group>"; };
		8A4F0A6A194FD637007BEE9A /* HEPDateUtils.m */ = {isa = PBXFileReference; fileEncoding = 4; lastKnownFileType = sourcecode.c.objc; path = HEPDateUtils.m; sourceTree = "<group>"; };
		8AF35BEB19428E97001C1507 /* HEPDevicePickerTableViewController.h */ = {isa = PBXFileReference; fileEncoding = 4; lastKnownFileType = sourcecode.c.h; path = HEPDevicePickerTableViewController.h; sourceTree = "<group>"; };
		8AF35BEC19428E97001C1507 /* HEPDevicePickerTableViewController.m */ = {isa = PBXFileReference; fileEncoding = 4; lastKnownFileType = sourcecode.c.objc; path = HEPDevicePickerTableViewController.m; sourceTree = "<group>"; };
		8AF35BEE19465E6E001C1507 /* HEPPeripheralManager.h */ = {isa = PBXFileReference; fileEncoding = 4; lastKnownFileType = sourcecode.c.h; path = HEPPeripheralManager.h; sourceTree = "<group>"; };
		8AF35BEF19465E6E001C1507 /* HEPPeripheralManager.m */ = {isa = PBXFileReference; fileEncoding = 4; lastKnownFileType = sourcecode.c.objc; path = HEPPeripheralManager.m; sourceTree = "<group>"; };
		8AF35BF3194767F8001C1507 /* HEPDevice.h */ = {isa = PBXFileReference; fileEncoding = 4; lastKnownFileType = sourcecode.c.h; path = HEPDevice.h; sourceTree = "<group>"; };
		8AF35BF4194767F8001C1507 /* HEPDevice.m */ = {isa = PBXFileReference; fileEncoding = 4; lastKnownFileType = sourcecode.c.objc; path = HEPDevice.m; sourceTree = "<group>"; };
		8AF35BF619476EDB001C1507 /* HEPDeviceService.h */ = {isa = PBXFileReference; fileEncoding = 4; lastKnownFileType = sourcecode.c.h; path = HEPDeviceService.h; sourceTree = "<group>"; };
		8AF35BF719476EDB001C1507 /* HEPDeviceService.m */ = {isa = PBXFileReference; fileEncoding = 4; lastKnownFileType = sourcecode.c.objc; path = HEPDeviceService.m; sourceTree = "<group>"; };
		8AF35BFE1947BAD6001C1507 /* HEPConnectedDeviceTableViewController.h */ = {isa = PBXFileReference; fileEncoding = 4; lastKnownFileType = sourcecode.c.h; path = HEPConnectedDeviceTableViewController.h; sourceTree = "<group>"; };
		8AF35BFF1947BAD6001C1507 /* HEPConnectedDeviceTableViewController.m */ = {isa = PBXFileReference; fileEncoding = 4; lastKnownFileType = sourcecode.c.objc; path = HEPConnectedDeviceTableViewController.m; sourceTree = "<group>"; };
		8AF35C001947BAD6001C1507 /* HEPConnectedDeviceTableViewController.xib */ = {isa = PBXFileReference; fileEncoding = 4; lastKnownFileType = file.xib; path = HEPConnectedDeviceTableViewController.xib; sourceTree = "<group>"; };
		8AF35C041947BB49001C1507 /* HEPDeviceTableViewCell.h */ = {isa = PBXFileReference; fileEncoding = 4; lastKnownFileType = sourcecode.c.h; path = HEPDeviceTableViewCell.h; sourceTree = "<group>"; };
		8AF35C051947BB49001C1507 /* HEPDeviceTableViewCell.m */ = {isa = PBXFileReference; fileEncoding = 4; lastKnownFileType = sourcecode.c.objc; path = HEPDeviceTableViewCell.m; sourceTree = "<group>"; };
		8AF35C061947BB49001C1507 /* HEPDeviceTableViewCell.xib */ = {isa = PBXFileReference; fileEncoding = 4; lastKnownFileType = file.xib; path = HEPDeviceTableViewCell.xib; sourceTree = "<group>"; };
		8AF35C0D1947DEA3001C1507 /* HEPSleepTrackerViewController.h */ = {isa = PBXFileReference; fileEncoding = 4; lastKnownFileType = sourcecode.c.h; path = HEPSleepTrackerViewController.h; sourceTree = "<group>"; };
		8AF35C0E1947DEA3001C1507 /* HEPSleepTrackerViewController.m */ = {isa = PBXFileReference; fileEncoding = 4; lastKnownFileType = sourcecode.c.objc; path = HEPSleepTrackerViewController.m; sourceTree = "<group>"; };
		8AF35C1719483055001C1507 /* HEPAuthenticationViewController.xib */ = {isa = PBXFileReference; fileEncoding = 4; lastKnownFileType = file.xib; path = HEPAuthenticationViewController.xib; sourceTree = "<group>"; };
		8AF35C191948D6A4001C1507 /* HEPDeviceInfoViewController.h */ = {isa = PBXFileReference; fileEncoding = 4; lastKnownFileType = sourcecode.c.h; path = HEPDeviceInfoViewController.h; sourceTree = "<group>"; };
		8AF35C1A1948D6A4001C1507 /* HEPDeviceInfoViewController.m */ = {isa = PBXFileReference; fileEncoding = 4; lastKnownFileType = sourcecode.c.objc; path = HEPDeviceInfoViewController.m; sourceTree = "<group>"; };
		8AF35C1B1948D6A4001C1507 /* HEPDeviceInfoViewController.xib */ = {isa = PBXFileReference; fileEncoding = 4; lastKnownFileType = file.xib; path = HEPDeviceInfoViewController.xib; sourceTree = "<group>"; };
		F5B454B4CDC94BCF99C7E253 /* Pods.xcconfig */ = {isa = PBXFileReference; includeInIndex = 1; lastKnownFileType = text.xcconfig; name = Pods.xcconfig; path = Pods/Pods.xcconfig; sourceTree = "<group>"; };
/* End PBXFileReference section */

/* Begin PBXFrameworksBuildPhase section */
		8A12A5F1194243A200EF2D10 /* Frameworks */ = {
			isa = PBXFrameworksBuildPhase;
			buildActionMask = 2147483647;
			files = (
				8A12A5FA194243A200EF2D10 /* CoreGraphics.framework in Frameworks */,
				8A12A5FC194243A200EF2D10 /* UIKit.framework in Frameworks */,
				8A12A5F8194243A200EF2D10 /* Foundation.framework in Frameworks */,
				1AEA82E16D464D73964C084B /* libPods.a in Frameworks */,
			);
			runOnlyForDeploymentPostprocessing = 0;
		};
		8A12A612194243A200EF2D10 /* Frameworks */ = {
			isa = PBXFrameworksBuildPhase;
			buildActionMask = 2147483647;
			files = (
				8A12A617194243A200EF2D10 /* XCTest.framework in Frameworks */,
				8A12A619194243A200EF2D10 /* UIKit.framework in Frameworks */,
				8A12A618194243A200EF2D10 /* Foundation.framework in Frameworks */,
			);
			runOnlyForDeploymentPostprocessing = 0;
		};
/* End PBXFrameworksBuildPhase section */

/* Begin PBXGroup section */
		8A12A5EB194243A200EF2D10 = {
			isa = PBXGroup;
			children = (
				8A12A5FD194243A200EF2D10 /* Pea */,
				8A12A61C194243A200EF2D10 /* PeaTests */,
				8A12A5F6194243A200EF2D10 /* Frameworks */,
				8A12A5F5194243A200EF2D10 /* Products */,
				F5B454B4CDC94BCF99C7E253 /* Pods.xcconfig */,
			);
			sourceTree = "<group>";
		};
		8A12A5F5194243A200EF2D10 /* Products */ = {
			isa = PBXGroup;
			children = (
				8A12A5F4194243A200EF2D10 /* Pea.app */,
				8A12A615194243A200EF2D10 /* PeaTests.xctest */,
			);
			name = Products;
			sourceTree = "<group>";
		};
		8A12A5F6194243A200EF2D10 /* Frameworks */ = {
			isa = PBXGroup;
			children = (
				8A12A5F7194243A200EF2D10 /* Foundation.framework */,
				8A12A5F9194243A200EF2D10 /* CoreGraphics.framework */,
				8A12A5FB194243A200EF2D10 /* UIKit.framework */,
				8A12A616194243A200EF2D10 /* XCTest.framework */,
				4C46C0DA3D3C40FA832D832F /* libPods.a */,
			);
			name = Frameworks;
			sourceTree = "<group>";
		};
		8A12A5FD194243A200EF2D10 /* Pea */ = {
			isa = PBXGroup;
			children = (
				8A4F0A68194FD602007BEE9A /* Utilities */,
				8A12A630194268DB00EF2D10 /* Podfile */,
				8AF35C031947BB18001C1507 /* Views */,
				8AF35BF2194766B5001C1507 /* Controllers */,
				8AF35BE41942810E001C1507 /* Device Management */,
				8A12A62C194264FA00EF2D10 /* API */,
				8A12A606194243A200EF2D10 /* HEPAppDelegate.h */,
				8A12A607194243A200EF2D10 /* HEPAppDelegate.m */,
				8A12A609194243A200EF2D10 /* Main.storyboard */,
				8A12A60F194243A200EF2D10 /* Images.xcassets */,
				8A12A5FE194243A200EF2D10 /* Supporting Files */,
			);
			path = Pea;
			sourceTree = "<group>";
		};
		8A12A5FE194243A200EF2D10 /* Supporting Files */ = {
			isa = PBXGroup;
			children = (
				8A12A5FF194243A200EF2D10 /* Pea-Info.plist */,
				8A12A600194243A200EF2D10 /* InfoPlist.strings */,
				8A12A603194243A200EF2D10 /* main.m */,
				8A12A605194243A200EF2D10 /* Pea-Prefix.pch */,
				8A12A638194273BB00EF2D10 /* Localizable.strings */,
			);
			name = "Supporting Files";
			sourceTree = "<group>";
		};
		8A12A61C194243A200EF2D10 /* PeaTests */ = {
			isa = PBXGroup;
			children = (
				8A12A622194243A200EF2D10 /* PeaTests.m */,
				8A12A61D194243A200EF2D10 /* Supporting Files */,
			);
			path = PeaTests;
			sourceTree = "<group>";
		};
		8A12A61D194243A200EF2D10 /* Supporting Files */ = {
			isa = PBXGroup;
			children = (
				8A12A61E194243A200EF2D10 /* PeaTests-Info.plist */,
				8A12A61F194243A200EF2D10 /* InfoPlist.strings */,
			);
			name = "Supporting Files";
			sourceTree = "<group>";
		};
		8A12A62C194264FA00EF2D10 /* API */ = {
			isa = PBXGroup;
			children = (
				8A12A62D1942651D00EF2D10 /* HEPAuthorizationService.h */,
				8A12A62E1942651D00EF2D10 /* HEPAuthorizationService.m */,
				8A12A631194271F500EF2D10 /* HEPAPIClient.h */,
				8A12A632194271F500EF2D10 /* HEPAPIClient.m */,
			);
			name = API;
			sourceTree = "<group>";
		};
		8A4F0A68194FD602007BEE9A /* Utilities */ = {
			isa = PBXGroup;
			children = (
				8A4F0A69194FD637007BEE9A /* HEPDateUtils.h */,
				8A4F0A6A194FD637007BEE9A /* HEPDateUtils.m */,
			);
			name = Utilities;
			sourceTree = "<group>";
		};
		8AF35BE41942810E001C1507 /* Device Management */ = {
			isa = PBXGroup;
			children = (
				8AF35BEE19465E6E001C1507 /* HEPPeripheralManager.h */,
				8AF35BEF19465E6E001C1507 /* HEPPeripheralManager.m */,
				8AF35BF3194767F8001C1507 /* HEPDevice.h */,
				8AF35BF4194767F8001C1507 /* HEPDevice.m */,
				8AF35BF619476EDB001C1507 /* HEPDeviceService.h */,
				8AF35BF719476EDB001C1507 /* HEPDeviceService.m */,
			);
			name = "Device Management";
			sourceTree = "<group>";
		};
		8AF35BF2194766B5001C1507 /* Controllers */ = {
			isa = PBXGroup;
			children = (
				8A12A60C194243A200EF2D10 /* HEPAuthenticationViewController.h */,
				8A12A60D194243A200EF2D10 /* HEPAuthenticationViewController.m */,
				8AF35C1719483055001C1507 /* HEPAuthenticationViewController.xib */,
				8AF35BFE1947BAD6001C1507 /* HEPConnectedDeviceTableViewController.h */,
				8AF35BFF1947BAD6001C1507 /* HEPConnectedDeviceTableViewController.m */,
				8AF35C001947BAD6001C1507 /* HEPConnectedDeviceTableViewController.xib */,
				8AF35C191948D6A4001C1507 /* HEPDeviceInfoViewController.h */,
				8AF35C1A1948D6A4001C1507 /* HEPDeviceInfoViewController.m */,
				8AF35C1B1948D6A4001C1507 /* HEPDeviceInfoViewController.xib */,
				8AF35BEB19428E97001C1507 /* HEPDevicePickerTableViewController.h */,
				8AF35BEC19428E97001C1507 /* HEPDevicePickerTableViewController.m */,
				8AF35C0D1947DEA3001C1507 /* HEPSleepTrackerViewController.h */,
				8AF35C0E1947DEA3001C1507 /* HEPSleepTrackerViewController.m */,
			);
			name = Controllers;
			sourceTree = "<group>";
		};
		8AF35C031947BB18001C1507 /* Views */ = {
			isa = PBXGroup;
			children = (
				8AF35C041947BB49001C1507 /* HEPDeviceTableViewCell.h */,
				8AF35C051947BB49001C1507 /* HEPDeviceTableViewCell.m */,
				8AF35C061947BB49001C1507 /* HEPDeviceTableViewCell.xib */,
				8A4F0A63194BD901007BEE9A /* HEPActionTableViewCell.h */,
				8A4F0A64194BD901007BEE9A /* HEPActionTableViewCell.m */,
				8A4F0A65194BD901007BEE9A /* HEPActionTableViewCell.xib */,
			);
			name = Views;
			sourceTree = "<group>";
		};
/* End PBXGroup section */

/* Begin PBXNativeTarget section */
		8A12A5F3194243A200EF2D10 /* Pea */ = {
			isa = PBXNativeTarget;
			buildConfigurationList = 8A12A626194243A200EF2D10 /* Build configuration list for PBXNativeTarget "Pea" */;
			buildPhases = (
				819D37E2C2594CAF83A720C0 /* Check Pods Manifest.lock */,
				8A12A5F0194243A200EF2D10 /* Sources */,
				8A12A5F1194243A200EF2D10 /* Frameworks */,
				8A12A5F2194243A200EF2D10 /* Resources */,
				E69D5E08B3A04563BA6F22C4 /* Copy Pods Resources */,
			);
			buildRules = (
			);
			dependencies = (
			);
			name = Pea;
			productName = Pea;
			productReference = 8A12A5F4194243A200EF2D10 /* Pea.app */;
			productType = "com.apple.product-type.application";
		};
		8A12A614194243A200EF2D10 /* PeaTests */ = {
			isa = PBXNativeTarget;
			buildConfigurationList = 8A12A629194243A200EF2D10 /* Build configuration list for PBXNativeTarget "PeaTests" */;
			buildPhases = (
				8A12A611194243A200EF2D10 /* Sources */,
				8A12A612194243A200EF2D10 /* Frameworks */,
				8A12A613194243A200EF2D10 /* Resources */,
			);
			buildRules = (
			);
			dependencies = (
				8A12A61B194243A200EF2D10 /* PBXTargetDependency */,
			);
			name = PeaTests;
			productName = PeaTests;
			productReference = 8A12A615194243A200EF2D10 /* PeaTests.xctest */;
			productType = "com.apple.product-type.bundle.unit-test";
		};
/* End PBXNativeTarget section */

/* Begin PBXProject section */
		8A12A5EC194243A200EF2D10 /* Project object */ = {
			isa = PBXProject;
			attributes = {
				CLASSPREFIX = HEP;
				LastUpgradeCheck = 0510;
				ORGANIZATIONNAME = Hello;
				TargetAttributes = {
					8A12A5F3194243A200EF2D10 = {
						DevelopmentTeam = MSG86J7GNF;
					};
					8A12A614194243A200EF2D10 = {
						TestTargetID = 8A12A5F3194243A200EF2D10;
					};
				};
			};
			buildConfigurationList = 8A12A5EF194243A200EF2D10 /* Build configuration list for PBXProject "Pea" */;
			compatibilityVersion = "Xcode 3.2";
			developmentRegion = English;
			hasScannedForEncodings = 0;
			knownRegions = (
				en,
				Base,
			);
			mainGroup = 8A12A5EB194243A200EF2D10;
			productRefGroup = 8A12A5F5194243A200EF2D10 /* Products */;
			projectDirPath = "";
			projectRoot = "";
			targets = (
				8A12A5F3194243A200EF2D10 /* Pea */,
				8A12A614194243A200EF2D10 /* PeaTests */,
			);
		};
/* End PBXProject section */

/* Begin PBXResourcesBuildPhase section */
		8A12A5F2194243A200EF2D10 /* Resources */ = {
			isa = PBXResourcesBuildPhase;
			buildActionMask = 2147483647;
			files = (
				8AF35C1D1948D6A4001C1507 /* HEPDeviceInfoViewController.xib in Resources */,
				8AF35C1819483055001C1507 /* HEPAuthenticationViewController.xib in Resources */,
				8A12A610194243A200EF2D10 /* Images.xcassets in Resources */,
				8A4F0A67194BD901007BEE9A /* HEPActionTableViewCell.xib in Resources */,
				8A12A636194273BB00EF2D10 /* Localizable.strings in Resources */,
				8AF35C021947BAD6001C1507 /* HEPConnectedDeviceTableViewController.xib in Resources */,
				8AF35C081947BB49001C1507 /* HEPDeviceTableViewCell.xib in Resources */,
				8A12A602194243A200EF2D10 /* InfoPlist.strings in Resources */,
				8A12A60B194243A200EF2D10 /* Main.storyboard in Resources */,
			);
			runOnlyForDeploymentPostprocessing = 0;
		};
		8A12A613194243A200EF2D10 /* Resources */ = {
			isa = PBXResourcesBuildPhase;
			buildActionMask = 2147483647;
			files = (
				8A12A621194243A200EF2D10 /* InfoPlist.strings in Resources */,
			);
			runOnlyForDeploymentPostprocessing = 0;
		};
/* End PBXResourcesBuildPhase section */

/* Begin PBXShellScriptBuildPhase section */
		819D37E2C2594CAF83A720C0 /* Check Pods Manifest.lock */ = {
			isa = PBXShellScriptBuildPhase;
			buildActionMask = 2147483647;
			files = (
			);
			inputPaths = (
			);
			name = "Check Pods Manifest.lock";
			outputPaths = (
			);
			runOnlyForDeploymentPostprocessing = 0;
			shellPath = /bin/sh;
			shellScript = "diff \"${PODS_ROOT}/../Podfile.lock\" \"${PODS_ROOT}/Manifest.lock\" > /dev/null\nif [[ $? != 0 ]] ; then\n    cat << EOM\nerror: The sandbox is not in sync with the Podfile.lock. Run 'pod install' or update your CocoaPods installation.\nEOM\n    exit 1\nfi\n";
			showEnvVarsInLog = 0;
		};
		E69D5E08B3A04563BA6F22C4 /* Copy Pods Resources */ = {
			isa = PBXShellScriptBuildPhase;
			buildActionMask = 2147483647;
			files = (
			);
			inputPaths = (
			);
			name = "Copy Pods Resources";
			outputPaths = (
			);
			runOnlyForDeploymentPostprocessing = 0;
			shellPath = /bin/sh;
			shellScript = "\"${SRCROOT}/Pods/Pods-resources.sh\"\n";
			showEnvVarsInLog = 0;
		};
/* End PBXShellScriptBuildPhase section */

/* Begin PBXSourcesBuildPhase section */
		8A12A5F0194243A200EF2D10 /* Sources */ = {
			isa = PBXSourcesBuildPhase;
			buildActionMask = 2147483647;
			files = (
				8AF35BF019465E6E001C1507 /* HEPPeripheralManager.m in Sources */,
				8AF35BED19428E97001C1507 /* HEPDevicePickerTableViewController.m in Sources */,
				8AF35BF819476EDB001C1507 /* HEPDeviceService.m in Sources */,
				8AF35C071947BB49001C1507 /* HEPDeviceTableViewCell.m in Sources */,
				8A12A633194271F500EF2D10 /* HEPAPIClient.m in Sources */,
				8AF35BF5194767F8001C1507 /* HEPDevice.m in Sources */,
				8A12A608194243A200EF2D10 /* HEPAppDelegate.m in Sources */,
				8AF35C101947DEA3001C1507 /* HEPSleepTrackerViewController.m in Sources */,
				8A12A60E194243A200EF2D10 /* HEPAuthenticationViewController.m in Sources */,
				8AF35C011947BAD6001C1507 /* HEPConnectedDeviceTableViewController.m in Sources */,
				8A12A604194243A200EF2D10 /* main.m in Sources */,
				8A4F0A66194BD901007BEE9A /* HEPActionTableViewCell.m in Sources */,
				8AF35C1C1948D6A4001C1507 /* HEPDeviceInfoViewController.m in Sources */,
				8A12A62F1942651D00EF2D10 /* HEPAuthorizationService.m in Sources */,
				8A4F0A6B194FD637007BEE9A /* HEPDateUtils.m in Sources */,
			);
			runOnlyForDeploymentPostprocessing = 0;
		};
		8A12A611194243A200EF2D10 /* Sources */ = {
			isa = PBXSourcesBuildPhase;
			buildActionMask = 2147483647;
			files = (
				8A12A623194243A200EF2D10 /* PeaTests.m in Sources */,
			);
			runOnlyForDeploymentPostprocessing = 0;
		};
/* End PBXSourcesBuildPhase section */

/* Begin PBXTargetDependency section */
		8A12A61B194243A200EF2D10 /* PBXTargetDependency */ = {
			isa = PBXTargetDependency;
			target = 8A12A5F3194243A200EF2D10 /* Pea */;
			targetProxy = 8A12A61A194243A200EF2D10 /* PBXContainerItemProxy */;
		};
/* End PBXTargetDependency section */

/* Begin PBXVariantGroup section */
		8A12A600194243A200EF2D10 /* InfoPlist.strings */ = {
			isa = PBXVariantGroup;
			children = (
				8A12A601194243A200EF2D10 /* en */,
			);
			name = InfoPlist.strings;
			sourceTree = "<group>";
		};
		8A12A609194243A200EF2D10 /* Main.storyboard */ = {
			isa = PBXVariantGroup;
			children = (
				8A12A60A194243A200EF2D10 /* Base */,
			);
			name = Main.storyboard;
			sourceTree = "<group>";
		};
		8A12A61F194243A200EF2D10 /* InfoPlist.strings */ = {
			isa = PBXVariantGroup;
			children = (
				8A12A620194243A200EF2D10 /* en */,
			);
			name = InfoPlist.strings;
			sourceTree = "<group>";
		};
		8A12A638194273BB00EF2D10 /* Localizable.strings */ = {
			isa = PBXVariantGroup;
			children = (
				8A12A637194273BB00EF2D10 /* Base */,
			);
			name = Localizable.strings;
			sourceTree = "<group>";
		};
/* End PBXVariantGroup section */

/* Begin XCBuildConfiguration section */
		8A12A624194243A200EF2D10 /* Debug */ = {
			isa = XCBuildConfiguration;
			buildSettings = {
				ALWAYS_SEARCH_USER_PATHS = NO;
				CLANG_CXX_LANGUAGE_STANDARD = "gnu++0x";
				CLANG_CXX_LIBRARY = "libc++";
				CLANG_ENABLE_MODULES = YES;
				CLANG_ENABLE_OBJC_ARC = YES;
				CLANG_WARN_BOOL_CONVERSION = YES;
				CLANG_WARN_CONSTANT_CONVERSION = YES;
				CLANG_WARN_DIRECT_OBJC_ISA_USAGE = YES_ERROR;
				CLANG_WARN_EMPTY_BODY = YES;
				CLANG_WARN_ENUM_CONVERSION = YES;
				CLANG_WARN_INT_CONVERSION = YES;
				CLANG_WARN_OBJC_ROOT_CLASS = YES_ERROR;
				CLANG_WARN__DUPLICATE_METHOD_MATCH = YES;
				"CODE_SIGN_IDENTITY[sdk=iphoneos*]" = "iPhone Developer";
				COPY_PHASE_STRIP = NO;
				GCC_C_LANGUAGE_STANDARD = gnu99;
				GCC_DYNAMIC_NO_PIC = NO;
				GCC_OPTIMIZATION_LEVEL = 0;
				GCC_PREPROCESSOR_DEFINITIONS = (
					"DEBUG=1",
					"$(inherited)",
				);
				GCC_SYMBOLS_PRIVATE_EXTERN = NO;
				GCC_WARN_64_TO_32_BIT_CONVERSION = YES;
				GCC_WARN_ABOUT_RETURN_TYPE = YES_ERROR;
				GCC_WARN_UNDECLARED_SELECTOR = YES;
				GCC_WARN_UNINITIALIZED_AUTOS = YES_AGGRESSIVE;
				GCC_WARN_UNUSED_FUNCTION = YES;
				GCC_WARN_UNUSED_VARIABLE = YES;
				IPHONEOS_DEPLOYMENT_TARGET = 7.1;
				ONLY_ACTIVE_ARCH = YES;
				SDKROOT = iphoneos;
			};
			name = Debug;
		};
		8A12A625194243A200EF2D10 /* Release */ = {
			isa = XCBuildConfiguration;
			buildSettings = {
				ALWAYS_SEARCH_USER_PATHS = NO;
				CLANG_CXX_LANGUAGE_STANDARD = "gnu++0x";
				CLANG_CXX_LIBRARY = "libc++";
				CLANG_ENABLE_MODULES = YES;
				CLANG_ENABLE_OBJC_ARC = YES;
				CLANG_WARN_BOOL_CONVERSION = YES;
				CLANG_WARN_CONSTANT_CONVERSION = YES;
				CLANG_WARN_DIRECT_OBJC_ISA_USAGE = YES_ERROR;
				CLANG_WARN_EMPTY_BODY = YES;
				CLANG_WARN_ENUM_CONVERSION = YES;
				CLANG_WARN_INT_CONVERSION = YES;
				CLANG_WARN_OBJC_ROOT_CLASS = YES_ERROR;
				CLANG_WARN__DUPLICATE_METHOD_MATCH = YES;
				"CODE_SIGN_IDENTITY[sdk=iphoneos*]" = "iPhone Developer";
				COPY_PHASE_STRIP = YES;
				ENABLE_NS_ASSERTIONS = NO;
				GCC_C_LANGUAGE_STANDARD = gnu99;
				GCC_WARN_64_TO_32_BIT_CONVERSION = YES;
				GCC_WARN_ABOUT_RETURN_TYPE = YES_ERROR;
				GCC_WARN_UNDECLARED_SELECTOR = YES;
				GCC_WARN_UNINITIALIZED_AUTOS = YES_AGGRESSIVE;
				GCC_WARN_UNUSED_FUNCTION = YES;
				GCC_WARN_UNUSED_VARIABLE = YES;
				IPHONEOS_DEPLOYMENT_TARGET = 7.1;
				SDKROOT = iphoneos;
				VALIDATE_PRODUCT = YES;
			};
			name = Release;
		};
		8A12A627194243A200EF2D10 /* Debug */ = {
			isa = XCBuildConfiguration;
			baseConfigurationReference = F5B454B4CDC94BCF99C7E253 /* Pods.xcconfig */;
			buildSettings = {
				ASSETCATALOG_COMPILER_APPICON_NAME = AppIcon;
				ASSETCATALOG_COMPILER_LAUNCHIMAGE_NAME = LaunchImage;
				CODE_SIGN_IDENTITY = "";
				"CODE_SIGN_IDENTITY[sdk=iphoneos*]" = com.apple.idms.appleid.prd.73753165327248744c37437247546e3278576c6c48413d3d;
				GCC_PRECOMPILE_PREFIX_HEADER = YES;
				GCC_PREFIX_HEADER = "Pea/Pea-Prefix.pch";
				INFOPLIST_FILE = "Pea/Pea-Info.plist";
				PRODUCT_NAME = "$(TARGET_NAME)";
				PROVISIONING_PROFILE = "4D759469-1C51-4B02-9975-6EC8E2608038";
				WRAPPER_EXTENSION = app;
			};
			name = Debug;
		};
		8A12A628194243A200EF2D10 /* Release */ = {
			isa = XCBuildConfiguration;
			baseConfigurationReference = F5B454B4CDC94BCF99C7E253 /* Pods.xcconfig */;
			buildSettings = {
				ASSETCATALOG_COMPILER_APPICON_NAME = AppIcon;
				ASSETCATALOG_COMPILER_LAUNCHIMAGE_NAME = LaunchImage;
				CODE_SIGN_IDENTITY = "";
				"CODE_SIGN_IDENTITY[sdk=iphoneos*]" = com.apple.idms.appleid.prd.73753165327248744c37437247546e3278576c6c48413d3d;
				GCC_PRECOMPILE_PREFIX_HEADER = YES;
				GCC_PREFIX_HEADER = "Pea/Pea-Prefix.pch";
				INFOPLIST_FILE = "Pea/Pea-Info.plist";
				PRODUCT_NAME = "$(TARGET_NAME)";
				PROVISIONING_PROFILE = "4D759469-1C51-4B02-9975-6EC8E2608038";
				WRAPPER_EXTENSION = app;
			};
			name = Release;
		};
		8A12A62A194243A200EF2D10 /* Debug */ = {
			isa = XCBuildConfiguration;
			buildSettings = {
				BUNDLE_LOADER = "$(BUILT_PRODUCTS_DIR)/Pea.app/Pea";
				FRAMEWORK_SEARCH_PATHS = (
					"$(SDKROOT)/Developer/Library/Frameworks",
					"$(inherited)",
					"$(DEVELOPER_FRAMEWORKS_DIR)",
				);
				GCC_PRECOMPILE_PREFIX_HEADER = YES;
				GCC_PREFIX_HEADER = "Pea/Pea-Prefix.pch";
				GCC_PREPROCESSOR_DEFINITIONS = (
					"DEBUG=1",
					"$(inherited)",
				);
				INFOPLIST_FILE = "PeaTests/PeaTests-Info.plist";
				PRODUCT_NAME = "$(TARGET_NAME)";
				TEST_HOST = "$(BUNDLE_LOADER)";
				WRAPPER_EXTENSION = xctest;
			};
			name = Debug;
		};
		8A12A62B194243A200EF2D10 /* Release */ = {
			isa = XCBuildConfiguration;
			buildSettings = {
				BUNDLE_LOADER = "$(BUILT_PRODUCTS_DIR)/Pea.app/Pea";
				FRAMEWORK_SEARCH_PATHS = (
					"$(SDKROOT)/Developer/Library/Frameworks",
					"$(inherited)",
					"$(DEVELOPER_FRAMEWORKS_DIR)",
				);
				GCC_PRECOMPILE_PREFIX_HEADER = YES;
				GCC_PREFIX_HEADER = "Pea/Pea-Prefix.pch";
				INFOPLIST_FILE = "PeaTests/PeaTests-Info.plist";
				PRODUCT_NAME = "$(TARGET_NAME)";
				TEST_HOST = "$(BUNDLE_LOADER)";
				WRAPPER_EXTENSION = xctest;
			};
			name = Release;
		};
/* End XCBuildConfiguration section */

/* Begin XCConfigurationList section */
		8A12A5EF194243A200EF2D10 /* Build configuration list for PBXProject "Pea" */ = {
			isa = XCConfigurationList;
			buildConfigurations = (
				8A12A624194243A200EF2D10 /* Debug */,
				8A12A625194243A200EF2D10 /* Release */,
			);
			defaultConfigurationIsVisible = 0;
			defaultConfigurationName = Release;
		};
		8A12A626194243A200EF2D10 /* Build configuration list for PBXNativeTarget "Pea" */ = {
			isa = XCConfigurationList;
			buildConfigurations = (
				8A12A627194243A200EF2D10 /* Debug */,
				8A12A628194243A200EF2D10 /* Release */,
			);
			defaultConfigurationIsVisible = 0;
			defaultConfigurationName = Release;
		};
		8A12A629194243A200EF2D10 /* Build configuration list for PBXNativeTarget "PeaTests" */ = {
			isa = XCConfigurationList;
			buildConfigurations = (
				8A12A62A194243A200EF2D10 /* Debug */,
				8A12A62B194243A200EF2D10 /* Release */,
			);
			defaultConfigurationIsVisible = 0;
			defaultConfigurationName = Release;
		};
/* End XCConfigurationList section */
	};
	rootObject = 8A12A5EC194243A200EF2D10 /* Project object */;
}
